# THIS IS AN AUTOGENERATED FILE. DO NOT EDIT THIS FILE DIRECTLY.
# pnpm-lock.yaml
# Run `pnpm install` to generate
lockfileVersion: '9.0'
settings:
  autoInstallPeers: true
  excludeLinksFromLockfile: false
importers:
  .:
    dependencies:
      turbo:
        specifier: ^2.2.3
        version: 2.2.3
    devDependencies:
      '@types/node':
        specifier: 22.11.0
        version: 22.11.0
      prettier:
        specifier: 3.3.3
        version: 3.3.3
      typescript:
        specifier: 5.6.3
        version: 5.6.3

  apps/web:
    dependencies:
      '@nexus/ai':
        specifier: workspace:*
        version: link:../../packages/ai
      '@nexus/db':
        specifier: workspace:*
        version: link:../../packages/db
      '@nexus/ui':
        specifier: workspace:*
        version: link:../../packages/ui
      '@react-three/drei':
        specifier: 9.120.3
        version: 9.120.3
      '@react-three/fiber':
        specifier: 8.17.10
        version: 8.17.10
      ai:
        specifier: 4.0.0
        version: 4.0.0
      gsap:
        specifier: 3.12.5
        version: 3.12.5
      motion:
        specifier: 11.11.17
        version: 11.11.17
      next:
        specifier: 15.1.0
        version: 15.1.0
      openai:
        specifier: 4.73.0
        version: 4.73.0
      react:
        specifier: 19.0.0
        version: 19.0.0
      react-dom:
        specifier: 19.0.0
        version: 19.0.0
      three:
        specifier: 0.170.0
        version: 0.170.0
      zod:
        specifier: 3.23.8
        version: 3.23.8
